
Microsoft Visual Studio Solution File, Format Version 12.00
# Visual Studio Version 16
VisualStudioVersion = 16.0.29911.84
MinimumVisualStudioVersion = 15.0.26124.0
Project("{9A19103F-16F7-4668-BE54-9A1E7A4F7556}") = "ORM", "ORM\ORM.csproj", "{74AA9324-6249-4B0C-83B6-DF030848568A}"
EndProject
Project("{9A19103F-16F7-4668-BE54-9A1E7A4F7556}") = "Rest", "Rest\Rest.csproj", "{899975C2-3EC9-41CA-9B27-F2457EDE1532}"
EndProject
Global
	GlobalSection(SolutionConfigurationPlatforms) = preSolution
		Debug|Any CPU = Debug|Any CPU
		Debug|x64 = Debug|x64
		Debug|x86 = Debug|x86
		Release|Any CPU = Release|Any CPU
		Release|x64 = Release|x64
		Release|x86 = Release|x86
	EndGlobalSection
	GlobalSection(ProjectConfigurationPlatforms) = postSolution
		{74AA9324-6249-4B0C-83B6-DF030848568A}.Debug|Any CPU.ActiveCfg = Debug|Any CPU
		{74AA9324-6249-4B0C-83B6-DF030848568A}.Debug|Any CPU.Build.0 = Debug|Any CPU
		{74AA9324-6249-4B0C-83B6-DF030848568A}.Debug|x64.ActiveCfg = Debug|Any CPU
		{74AA9324-6249-4B0C-83B6-DF030848568A}.Debug|x64.Build.0 = Debug|Any CPU
		{74AA9324-6249-4B0C-83B6-DF030848568A}.Debug|x86.ActiveCfg = Debug|Any CPU
		{74AA9324-6249-4B0C-83B6-DF030848568A}.Debug|x86.Build.0 = Debug|Any CPU
		{74AA9324-6249-4B0C-83B6-DF030848568A}.Release|Any CPU.ActiveCfg = Release|Any CPU
		{74AA9324-6249-4B0C-83B6-DF030848568A}.Release|Any CPU.Build.0 = Release|Any CPU
		{74AA9324-6249-4B0C-83B6-DF030848568A}.Release|x64.ActiveCfg = Release|Any CPU
		{74AA9324-6249-4B0C-83B6-DF030848568A}.Release|x64.Build.0 = Release|Any CPU
		{74AA9324-6249-4B0C-83B6-DF030848568A}.Release|x86.ActiveCfg = Release|Any CPU
		{74AA9324-6249-4B0C-83B6-DF030848568A}.Release|x86.Build.0 = Release|Any CPU
		{899975C2-3EC9-41CA-9B27-F2457EDE1532}.Debug|Any CPU.ActiveCfg = Debug|Any CPU
		{899975C2-3EC9-41CA-9B27-F2457EDE1532}.Debug|Any CPU.Build.0 = Debug|Any CPU
		{899975C2-3EC9-41CA-9B27-F2457EDE1532}.Debug|x64.ActiveCfg = Debug|Any CPU
		{899975C2-3EC9-41CA-9B27-F2457EDE1532}.Debug|x64.Build.0 = Debug|Any CPU
		{899975C2-3EC9-41CA-9B27-F2457EDE1532}.Debug|x86.ActiveCfg = Debug|Any CPU
		{899975C2-3EC9-41CA-9B27-F2457EDE1532}.Debug|x86.Build.0 = Debug|Any CPU
		{899975C2-3EC9-41CA-9B27-F2457EDE1532}.Release|Any CPU.ActiveCfg = Release|Any CPU
		{899975C2-3EC9-41CA-9B27-F2457EDE1532}.Release|Any CPU.Build.0 = Release|Any CPU
		{899975C2-3EC9-41CA-9B27-F2457EDE1532}.Release|x64.ActiveCfg = Release|Any CPU
		{899975C2-3EC9-41CA-9B27-F2457EDE1532}.Release|x64.Build.0 = Release|Any CPU
		{899975C2-3EC9-41CA-9B27-F2457EDE1532}.Release|x86.ActiveCfg = Release|Any CPU
		{899975C2-3EC9-41CA-9B27-F2457EDE1532}.Release|x86.Build.0 = Release|Any CPU
	EndGlobalSection
	GlobalSection(SolutionProperties) = preSolution
		HideSolutionNode = FALSE
	EndGlobalSection
	GlobalSection(ExtensibilityGlobals) = postSolution
		SolutionGuid = {5B7690D3-47F7-42CA-8381-82F16A629CF6}
	EndGlobalSection
EndGlobal
